PODS:
  - Alamofire (3.4.2)
  - SwiftyJSON (2.3.2)
  - UMengAnalytics (4.1.0)

DEPENDENCIES:
  - Alamofire (~> 3.4)
  - SwiftyJSON
  - UMengAnalytics

SPEC CHECKSUMS:
  Alamofire: 6aa33201d20d069e1598891cf928883ff1888c7a
  SwiftyJSON: 04ccea08915aa0109039157c7974cf0298da292a
  UMengAnalytics: 19b28253793d77dff10fb7d502faad1fb6b8ce4a

PODFILE CHECKSUM: 0e63e1a5e814aba4c18f053894b03396bba22095

COCOAPODS: 1.0.1
