PODS:
  - Alamofire (4.0.1)
  - SwiftyJSON (3.1.0)
  - UMengAnalytics (4.1.0)

DEPENDENCIES:
  - Alamofire (~> 4.0)
  - SwiftyJSON
  - UMengAnalytics

SPEC CHECKSUMS:
  Alamofire: 7682d43245de14874acd142ec137b144aa1dd335
  SwiftyJSON: 29b9f2a64f118c07e691667c2ba1efe536acfe0b
  UMengAnalytics: 19b28253793d77dff10fb7d502faad1fb6b8ce4a

PODFILE CHECKSUM: eed6444cc855be71d25e3aff86a5791b3c605ccd

COCOAPODS: 1.1.0.rc.2
